<?xml version="1.0" encoding="UTF-8" standalone="yes" ?>
<CodeBlocks_project_file>
	<FileVersion major="1" minor="6" />
	<Project>
		<Option title="the-first-mohican" />
		<Option pch_mode="2" />
		<Option compiler="gcc" />
		<Build>
			<Target title="Release">
				<Option output="Release/the-first-mohican" prefix_auto="1" extension_auto="1" />
				<Option object_output="obj/Release/" />
				<Option type="1" />
				<Option compiler="gcc" />
				<Compiler>
					<Add option="-O2" />
				</Compiler>
				<Linker>
					<Add option="-s" />
				</Linker>
			</Target>
		</Build>
		<Compiler>
			<Add option="-std=c++11" />
			<Add option="-Wall" />
			<Add option="-DWIN32" />
			<Add directory="C:/Users/mitchellcox5/Desktop/42/SDL2/SDL2_compiler (32 bit)/include/SDL2" />
		</Compiler>
		<Linker>
			<Add option="-lmingw32 -lSDL2main -lSDL2 -lSDL2 -lSDL2_ttf -lSDL2_image -lSDL2_mixer" />
			<Add directory="C:/Users/mitchellcox5/Desktop/42/SDL2/SDL2_compiler (32 bit)/lib" />
		</Linker>
		<Unit filename="../assets/bitmaps/man.bmp" />
		<Unit filename="../assets/bitmaps/man.jpg" />
		<Unit filename="../assets/bitmaps/man.png" />
		<Unit filename="../assets/bitmaps/o.bmp" />
		<Unit filename="../assets/bitmaps/x.bmp" />
		<Unit filename="../assets/fonts/Transformers font.txt" />
		<Unit filename="../assets/fonts/Transformers-Movie.ttf" />
		<Unit filename="../config.txt" />
		<Unit filename="../src/AppMainGame.cpp" />
		<Unit filename="../src/AppMainGame.h" />
		<Unit filename="../src/AppMainMenu.cpp" />
		<Unit filename="../src/AppMainMenu.h" />
		<Unit filename="../src/Man.h" />
		<Unit filename="../src/engine/AppState.cpp" />
		<Unit filename="../src/engine/AppState.h" />
		<Unit filename="../src/engine/Chunk.cpp" />
		<Unit filename="../src/engine/Chunk.h" />
		<Unit filename="../src/engine/Configuration.cpp" />
		<Unit filename="../src/engine/Configuration.h" />
		<Unit filename="../src/engine/E.cpp" />
		<Unit filename="../src/engine/E.h" />
		<Unit filename="../src/engine/Engine.cpp" />
		<Unit filename="../src/engine/Engine.h" />
		<Unit filename="../src/engine/EngineEvent.cpp" />
		<Unit filename="../src/engine/EngineEvent.h" />
		<Unit filename="../src/engine/FPS.cpp" />
		<Unit filename="../src/engine/FPS.h" />
		<Unit filename="../src/engine/Logger.cpp" />
		<Unit filename="../src/engine/Logger.h" />
		<Unit filename="../src/engine/Music.cpp" />
		<Unit filename="../src/engine/Music.h" />
		<Unit filename="../src/engine/Text.cpp" />
		<Unit filename="../src/engine/Text.h" />
		<Unit filename="../src/engine/Texture.cpp" />
		<Unit filename="../src/engine/Texture.h" />
		<Unit filename="../src/main.cpp" />
		<Extensions>
			<code_completion />
			<envvars />
			<debugger />
			<lib_finder disable_auto="1" />
		</Extensions>
	</Project>
</CodeBlocks_project_file>
